
Microsoft Visual Studio Solution File, Format Version 12.00
# Visual Studio Version 16
VisualStudioVersion = 16.0.31729.503
MinimumVisualStudioVersion = 10.0.40219.1
Project("{9A19103F-16F7-4668-BE54-9A1E7A4F7556}") = "OldBooks", "WhileLoopExercise\OldBooks.csproj", "{4BF7A599-4839-4A76-9036-19BC3784DCCF}"
EndProject
Project("{9A19103F-16F7-4668-BE54-9A1E7A4F7556}") = "ExamPreparation", "ExamPreparation\ExamPreparation.csproj", "{88F8F453-6C9D-48D1-89BE-E10699DAAC2A}"
EndProject
Project("{9A19103F-16F7-4668-BE54-9A1E7A4F7556}") = "Vacation", "Vacation\Vacation.csproj", "{2A8E8B45-A106-4B2A-A7B2-1D7235C0AE5F}"
EndProject
Project("{9A19103F-16F7-4668-BE54-9A1E7A4F7556}") = "Walking", "Walking\Walking.csproj", "{D7B9BD0B-62FB-40A0-9C7B-E5CDAF711D73}"
EndProject
Project("{9A19103F-16F7-4668-BE54-9A1E7A4F7556}") = "Coins", "Coins\Coins.csproj", "{A3D0A9A3-7D53-49A8-938F-30BA2A41D7AE}"
EndProject
Project("{FAE04EC0-301F-11D3-BF4B-00C04F79EFBC}") = "Cake", "Cake\Cake.csproj", "{3144D0C2-4095-48AD-93FA-751E066A7DF1}"
EndProject
Project("{FAE04EC0-301F-11D3-BF4B-00C04F79EFBC}") = "Moving", "Moving\Moving.csproj", "{2024A8D2-214E-4A93-93B3-DEE3CF6229BB}"
EndProject
Global
	GlobalSection(SolutionConfigurationPlatforms) = preSolution
		Debug|Any CPU = Debug|Any CPU
		Release|Any CPU = Release|Any CPU
	EndGlobalSection
	GlobalSection(ProjectConfigurationPlatforms) = postSolution
		{4BF7A599-4839-4A76-9036-19BC3784DCCF}.Debug|Any CPU.ActiveCfg = Debug|Any CPU
		{4BF7A599-4839-4A76-9036-19BC3784DCCF}.Debug|Any CPU.Build.0 = Debug|Any CPU
		{4BF7A599-4839-4A76-9036-19BC3784DCCF}.Release|Any CPU.ActiveCfg = Release|Any CPU
		{4BF7A599-4839-4A76-9036-19BC3784DCCF}.Release|Any CPU.Build.0 = Release|Any CPU
		{88F8F453-6C9D-48D1-89BE-E10699DAAC2A}.Debug|Any CPU.ActiveCfg = Debug|Any CPU
		{88F8F453-6C9D-48D1-89BE-E10699DAAC2A}.Debug|Any CPU.Build.0 = Debug|Any CPU
		{88F8F453-6C9D-48D1-89BE-E10699DAAC2A}.Release|Any CPU.ActiveCfg = Release|Any CPU
		{88F8F453-6C9D-48D1-89BE-E10699DAAC2A}.Release|Any CPU.Build.0 = Release|Any CPU
		{2A8E8B45-A106-4B2A-A7B2-1D7235C0AE5F}.Debug|Any CPU.ActiveCfg = Debug|Any CPU
		{2A8E8B45-A106-4B2A-A7B2-1D7235C0AE5F}.Debug|Any CPU.Build.0 = Debug|Any CPU
		{2A8E8B45-A106-4B2A-A7B2-1D7235C0AE5F}.Release|Any CPU.ActiveCfg = Release|Any CPU
		{2A8E8B45-A106-4B2A-A7B2-1D7235C0AE5F}.Release|Any CPU.Build.0 = Release|Any CPU
		{D7B9BD0B-62FB-40A0-9C7B-E5CDAF711D73}.Debug|Any CPU.ActiveCfg = Debug|Any CPU
		{D7B9BD0B-62FB-40A0-9C7B-E5CDAF711D73}.Debug|Any CPU.Build.0 = Debug|Any CPU
		{D7B9BD0B-62FB-40A0-9C7B-E5CDAF711D73}.Release|Any CPU.ActiveCfg = Release|Any CPU
		{D7B9BD0B-62FB-40A0-9C7B-E5CDAF711D73}.Release|Any CPU.Build.0 = Release|Any CPU
		{A3D0A9A3-7D53-49A8-938F-30BA2A41D7AE}.Debug|Any CPU.ActiveCfg = Debug|Any CPU
		{A3D0A9A3-7D53-49A8-938F-30BA2A41D7AE}.Debug|Any CPU.Build.0 = Debug|Any CPU
		{A3D0A9A3-7D53-49A8-938F-30BA2A41D7AE}.Release|Any CPU.ActiveCfg = Release|Any CPU
		{A3D0A9A3-7D53-49A8-938F-30BA2A41D7AE}.Release|Any CPU.Build.0 = Release|Any CPU
		{3144D0C2-4095-48AD-93FA-751E066A7DF1}.Debug|Any CPU.ActiveCfg = Debug|Any CPU
		{3144D0C2-4095-48AD-93FA-751E066A7DF1}.Debug|Any CPU.Build.0 = Debug|Any CPU
		{3144D0C2-4095-48AD-93FA-751E066A7DF1}.Release|Any CPU.ActiveCfg = Release|Any CPU
		{3144D0C2-4095-48AD-93FA-751E066A7DF1}.Release|Any CPU.Build.0 = Release|Any CPU
		{2024A8D2-214E-4A93-93B3-DEE3CF6229BB}.Debug|Any CPU.ActiveCfg = Debug|Any CPU
		{2024A8D2-214E-4A93-93B3-DEE3CF6229BB}.Debug|Any CPU.Build.0 = Debug|Any CPU
		{2024A8D2-214E-4A93-93B3-DEE3CF6229BB}.Release|Any CPU.ActiveCfg = Release|Any CPU
		{2024A8D2-214E-4A93-93B3-DEE3CF6229BB}.Release|Any CPU.Build.0 = Release|Any CPU
	EndGlobalSection
	GlobalSection(SolutionProperties) = preSolution
		HideSolutionNode = FALSE
	EndGlobalSection
	GlobalSection(ExtensibilityGlobals) = postSolution
		SolutionGuid = {C58575BD-8132-4077-9CD7-F4E32AD9123C}
	EndGlobalSection
EndGlobal
